{
  "name": "stenc",
  "version": "0.2.2",
  "lockfileVersion": 3,
  "requires": true,
  "packages": {
    "": {
      "name": "stenc",
      "version": "0.2.2",
      "bin": {
        "stenc": "bin/stenc.js"
      },
      "devDependencies": {},
      "engines": {
        "node": ">=20"
      }
    }
  }
}
